
Microsoft Visual Studio Solution File, Format Version 12.00
# Visual Studio 15
VisualStudioVersion = 15.0.28307.1300
MinimumVisualStudioVersion = 10.0.40219.1
Project("{FAE04EC0-301F-11D3-BF4B-00C04F79EFBC}") = "Student_Details_Mvcc", "Student_Details_Mvcc\Student_Details_Mvcc.csproj", "{0B11918F-4A4E-4429-AA60-3458EB484689}"
EndProject
Global
	GlobalSection(SolutionConfigurationPlatforms) = preSolution
		Debug|Any CPU = Debug|Any CPU
		Release|Any CPU = Release|Any CPU
	EndGlobalSection
	GlobalSection(ProjectConfigurationPlatforms) = postSolution
		{0B11918F-4A4E-4429-AA60-3458EB484689}.Debug|Any CPU.ActiveCfg = Debug|Any CPU
		{0B11918F-4A4E-4429-AA60-3458EB484689}.Debug|Any CPU.Build.0 = Debug|Any CPU
		{0B11918F-4A4E-4429-AA60-3458EB484689}.Release|Any CPU.ActiveCfg = Release|Any CPU
		{0B11918F-4A4E-4429-AA60-3458EB484689}.Release|Any CPU.Build.0 = Release|Any CPU
	EndGlobalSection
	GlobalSection(SolutionProperties) = preSolution
		HideSolutionNode = FALSE
	EndGlobalSection
	GlobalSection(ExtensibilityGlobals) = postSolution
		SolutionGuid = {D373DD0D-C6A2-45F9-95A2-0D7FCD062CC3}
	EndGlobalSection
EndGlobal
