
Microsoft Visual Studio Solution File, Format Version 12.00
# Visual Studio Version 16
VisualStudioVersion = 16.0.30804.86
MinimumVisualStudioVersion = 10.0.40219.1
Project("{FAE04EC0-301F-11D3-BF4B-00C04F79EFBC}") = "Token_webapi", "Token_webapi\Token_webapi.csproj", "{7EFCBBCC-B2CE-4C28-830B-1E572DE25018}"
EndProject
Global
	GlobalSection(SolutionConfigurationPlatforms) = preSolution
		Debug|Any CPU = Debug|Any CPU
		Release|Any CPU = Release|Any CPU
	EndGlobalSection
	GlobalSection(ProjectConfigurationPlatforms) = postSolution
		{7EFCBBCC-B2CE-4C28-830B-1E572DE25018}.Debug|Any CPU.ActiveCfg = Debug|Any CPU
		{7EFCBBCC-B2CE-4C28-830B-1E572DE25018}.Debug|Any CPU.Build.0 = Debug|Any CPU
		{7EFCBBCC-B2CE-4C28-830B-1E572DE25018}.Release|Any CPU.ActiveCfg = Release|Any CPU
		{7EFCBBCC-B2CE-4C28-830B-1E572DE25018}.Release|Any CPU.Build.0 = Release|Any CPU
	EndGlobalSection
	GlobalSection(SolutionProperties) = preSolution
		HideSolutionNode = FALSE
	EndGlobalSection
	GlobalSection(ExtensibilityGlobals) = postSolution
		SolutionGuid = {F8AB2D1C-8CE7-42A0-B684-5262A277060C}
	EndGlobalSection
EndGlobal
