
Microsoft Visual Studio Solution File, Format Version 12.00
# Visual Studio Version 16
VisualStudioVersion = 16.0.30804.86
MinimumVisualStudioVersion = 10.0.40219.1
Project("{FAE04EC0-301F-11D3-BF4B-00C04F79EFBC}") = "Token_Product", "Token_Product\Token_Product.csproj", "{2D354D64-F1C4-47B4-A3A5-366C06433EA4}"
EndProject
Global
	GlobalSection(SolutionConfigurationPlatforms) = preSolution
		Debug|Any CPU = Debug|Any CPU
		Release|Any CPU = Release|Any CPU
	EndGlobalSection
	GlobalSection(ProjectConfigurationPlatforms) = postSolution
		{2D354D64-F1C4-47B4-A3A5-366C06433EA4}.Debug|Any CPU.ActiveCfg = Debug|Any CPU
		{2D354D64-F1C4-47B4-A3A5-366C06433EA4}.Debug|Any CPU.Build.0 = Debug|Any CPU
		{2D354D64-F1C4-47B4-A3A5-366C06433EA4}.Release|Any CPU.ActiveCfg = Release|Any CPU
		{2D354D64-F1C4-47B4-A3A5-366C06433EA4}.Release|Any CPU.Build.0 = Release|Any CPU
	EndGlobalSection
	GlobalSection(SolutionProperties) = preSolution
		HideSolutionNode = FALSE
	EndGlobalSection
	GlobalSection(ExtensibilityGlobals) = postSolution
		SolutionGuid = {27B18469-68C3-4B63-AF67-66D17DDE58C5}
	EndGlobalSection
EndGlobal
