
Microsoft Visual Studio Solution File, Format Version 12.00
# Visual Studio 15
VisualStudioVersion = 15.0.28307.572
MinimumVisualStudioVersion = 10.0.40219.1
Project("{FAE04EC0-301F-11D3-BF4B-00C04F79EFBC}") = "Mvcstudentdetails", "Mvcstudentdetails\Mvcstudentdetails.csproj", "{83225F37-7CE6-4ADF-8708-8FD7BA0F9F53}"
EndProject
Global
	GlobalSection(SolutionConfigurationPlatforms) = preSolution
		Debug|Any CPU = Debug|Any CPU
		Release|Any CPU = Release|Any CPU
	EndGlobalSection
	GlobalSection(ProjectConfigurationPlatforms) = postSolution
		{83225F37-7CE6-4ADF-8708-8FD7BA0F9F53}.Debug|Any CPU.ActiveCfg = Debug|Any CPU
		{83225F37-7CE6-4ADF-8708-8FD7BA0F9F53}.Debug|Any CPU.Build.0 = Debug|Any CPU
		{83225F37-7CE6-4ADF-8708-8FD7BA0F9F53}.Release|Any CPU.ActiveCfg = Release|Any CPU
		{83225F37-7CE6-4ADF-8708-8FD7BA0F9F53}.Release|Any CPU.Build.0 = Release|Any CPU
	EndGlobalSection
	GlobalSection(SolutionProperties) = preSolution
		HideSolutionNode = FALSE
	EndGlobalSection
	GlobalSection(ExtensibilityGlobals) = postSolution
		SolutionGuid = {14D01A3B-0D1A-4C30-9497-7AB169EDE3F8}
	EndGlobalSection
EndGlobal
