
Microsoft Visual Studio Solution File, Format Version 12.00
# Visual Studio Version 16
VisualStudioVersion = 16.0.31019.35
MinimumVisualStudioVersion = 10.0.40219.1
Project("{FAE04EC0-301F-11D3-BF4B-00C04F79EFBC}") = "webapiwithangular", "webapiwithangular\webapiwithangular.csproj", "{B7D5F1D4-37F5-48CA-9ACF-CB54EA0653D3}"
EndProject
Global
	GlobalSection(SolutionConfigurationPlatforms) = preSolution
		Debug|Any CPU = Debug|Any CPU
		Release|Any CPU = Release|Any CPU
	EndGlobalSection
	GlobalSection(ProjectConfigurationPlatforms) = postSolution
		{B7D5F1D4-37F5-48CA-9ACF-CB54EA0653D3}.Debug|Any CPU.ActiveCfg = Debug|Any CPU
		{B7D5F1D4-37F5-48CA-9ACF-CB54EA0653D3}.Debug|Any CPU.Build.0 = Debug|Any CPU
		{B7D5F1D4-37F5-48CA-9ACF-CB54EA0653D3}.Release|Any CPU.ActiveCfg = Release|Any CPU
		{B7D5F1D4-37F5-48CA-9ACF-CB54EA0653D3}.Release|Any CPU.Build.0 = Release|Any CPU
	EndGlobalSection
	GlobalSection(SolutionProperties) = preSolution
		HideSolutionNode = FALSE
	EndGlobalSection
	GlobalSection(ExtensibilityGlobals) = postSolution
		SolutionGuid = {7252530A-87D1-4B13-BC07-1F253FD05809}
	EndGlobalSection
EndGlobal
